speakeasyVersion: 1.768.2
sources:
    GustoEmbedded-OAS:
        sourceNamespace: gusto-embedded-oas
        sourceRevisionDigest: sha256:379bbf7e06f163379db1f96afc529190fb2a2d4919fa7302e269a4983316c665
        sourceBlobDigest: sha256:8203c96e2a5a6525354b175c0aed3ae72b00a4fe1d2afdce59de98d0d0d15706
        tags:
            - latest
            - "2025-06-15"
    GustoEmbedded-OAS-v2025-11-15:
        sourceNamespace: gusto-embedded-oas-v2025-11-15
        sourceRevisionDigest: sha256:d0217da4f7a5b3f63ceb5d299cfbbc8f1178772aff3dec517ce4d42f286174ae
        sourceBlobDigest: sha256:3d0895671895eef6530d62138db4cfbcdee7bf182602f02934031e0dc17b180d
        tags:
            - latest
            - "2025-11-15"
    GustoEmbedded-OAS-v2026-06-15:
        sourceNamespace: gusto-embedded-oas-v2026-06-15
        sourceRevisionDigest: sha256:f35a7078c0b3bf293e5bbc12b5694caf35de97d2bcd7430f4e761bfa296e7aff
        sourceBlobDigest: sha256:e64d71e6ecd26d23f86e0bec1bf340c3098096316fde81124dd56f9c9c9ca7dc
        tags:
            - latest
            - "2026-06-15"
targets:
    gusto-embedded:
        source: GustoEmbedded-OAS
        sourceNamespace: gusto-embedded-oas
        sourceRevisionDigest: sha256:379bbf7e06f163379db1f96afc529190fb2a2d4919fa7302e269a4983316c665
        sourceBlobDigest: sha256:8203c96e2a5a6525354b175c0aed3ae72b00a4fe1d2afdce59de98d0d0d15706
        codeSamplesNamespace: gusto-embedded-oas-java-code-samples
        codeSamplesRevisionDigest: sha256:0a84bd74a9025c63567037ab4b5c784c92cd92fcc9829a8f12272ea0cfcae596
    gusto-embedded-v2025-11-15:
        source: GustoEmbedded-OAS-v2025-11-15
        sourceNamespace: gusto-embedded-oas-v2025-11-15
        sourceRevisionDigest: sha256:d0217da4f7a5b3f63ceb5d299cfbbc8f1178772aff3dec517ce4d42f286174ae
        sourceBlobDigest: sha256:3d0895671895eef6530d62138db4cfbcdee7bf182602f02934031e0dc17b180d
        codeSamplesNamespace: gusto-embedded-oas-java-code-samples-v2025-11-15-code-samples
        codeSamplesRevisionDigest: sha256:f15edb43adde121d04c5e80d50d715c17f7588cc2edbcc92625dbeb73f80890a
    gusto-embedded-v2026-06-15:
        source: GustoEmbedded-OAS-v2026-06-15
        sourceNamespace: gusto-embedded-oas-v2026-06-15
        sourceRevisionDigest: sha256:f35a7078c0b3bf293e5bbc12b5694caf35de97d2bcd7430f4e761bfa296e7aff
        sourceBlobDigest: sha256:e64d71e6ecd26d23f86e0bec1bf340c3098096316fde81124dd56f9c9c9ca7dc
        codeSamplesNamespace: gusto-embedded-oas-java-code-samples-v2026-06-15-code-samples
        codeSamplesRevisionDigest: sha256:dbe4e004431ac92c8bd4b9a8c9925f24c83f205157368b2021f108c772bf8462
workflow:
    workflowVersion: 1.0.0
    speakeasyVersion: latest
    sources:
        GustoEmbedded-OAS:
            inputs:
                - location: https://raw.githubusercontent.com/Gusto/Gusto-Partner-API/refs/heads/main/generated/embedded/api.v2025-06-15.embedded.yaml
                  authHeader: Authorization
                  authSecret: $openapi_doc_auth_token
            overlays:
                - location: https://raw.githubusercontent.com/Gusto/Gusto-Partner-API/refs/heads/main/.speakeasy/speakeasy-modifications-overlay.yaml
                  authHeader: Authorization
                  authSecret: $openapi_doc_auth_token
            registry:
                location: registry.speakeasyapi.dev/gusto/ruby-sdk/gusto-embedded-oas
        GustoEmbedded-OAS-v2025-11-15:
            inputs:
                - location: https://raw.githubusercontent.com/Gusto/Gusto-Partner-API/refs/heads/main/generated/embedded/api.v2025-11-15.embedded.yaml
                  authHeader: Authorization
                  authSecret: $openapi_doc_auth_token
            overlays:
                - location: https://raw.githubusercontent.com/Gusto/Gusto-Partner-API/refs/heads/main/.speakeasy/speakeasy-modifications-overlay.yaml
                  authHeader: Authorization
                  authSecret: $openapi_doc_auth_token
            registry:
                location: registry.speakeasyapi.dev/gusto/ruby-sdk/gusto-embedded-oas-v2025-11-15
        GustoEmbedded-OAS-v2026-06-15:
            inputs:
                - location: https://raw.githubusercontent.com/Gusto/Gusto-Partner-API/refs/heads/main/generated/embedded/api.v2026-06-15.embedded.yaml
                  authHeader: Authorization
                  authSecret: $openapi_doc_auth_token
            overlays:
                - location: https://raw.githubusercontent.com/Gusto/Gusto-Partner-API/refs/heads/main/.speakeasy/speakeasy-modifications-overlay.yaml
                  authHeader: Authorization
                  authSecret: $openapi_doc_auth_token
            registry:
                location: registry.speakeasyapi.dev/gusto/ruby-sdk/gusto-embedded-oas-v2026-06-15
    targets:
        gusto-embedded:
            target: java
            source: GustoEmbedded-OAS
            output: ./gusto_embedded
            codeSamples:
                registry:
                    location: registry.speakeasyapi.dev/gusto/ruby-sdk/gusto-embedded-oas-java-code-samples
                labelOverride:
                    fixedValue: Java (SDK)
                blocking: false
        gusto-embedded-v2025-11-15:
            target: java
            source: GustoEmbedded-OAS-v2025-11-15
            output: ./gusto_embedded_v_2025_11_15
            codeSamples:
                registry:
                    location: registry.speakeasyapi.dev/gusto/ruby-sdk/gusto-embedded-oas-java-code-samples-v2025-11-15-code-samples
                labelOverride:
                    fixedValue: Java (SDK)
                blocking: false
        gusto-embedded-v2026-06-15:
            target: java
            source: GustoEmbedded-OAS-v2026-06-15
            output: ./gusto_embedded_v_2026_06_15
            codeSamples:
                registry:
                    location: registry.speakeasyapi.dev/gusto/ruby-sdk/gusto-embedded-oas-java-code-samples-v2026-06-15-code-samples
                labelOverride:
                    fixedValue: Java (SDK)
                blocking: false
