speakeasyVersion: 1.764.0
sources:
    GustoEmbedded-OAS:
        sourceNamespace: gusto-embedded-oas
        sourceRevisionDigest: sha256:11a80fb5a153967239094426e664a2e7c492545d6939236ad920077fde695ac3
        sourceBlobDigest: sha256:bc2f17ee01015f5722907a1431b3944a5d720d7d3a36dd78edfb9cea00b298f8
        tags:
            - latest
            - "2025-06-15"
    GustoEmbedded-OAS-v2025-11-15:
        sourceNamespace: gusto-embedded-oas-v2025-11-15
        sourceRevisionDigest: sha256:7d90fc0e1ffd428aa7bec06299356f72c5d0a219e701de71bbde70e6fabc755d
        sourceBlobDigest: sha256:ae285a1f4c0a53336ddc8757edaf0ae2c8d6a9b3a52e5a0d0fa1a82196515f0a
        tags:
            - latest
            - "2025-11-15"
targets:
    gusto-embedded:
        source: GustoEmbedded-OAS
        sourceNamespace: gusto-embedded-oas
        sourceRevisionDigest: sha256:11a80fb5a153967239094426e664a2e7c492545d6939236ad920077fde695ac3
        sourceBlobDigest: sha256:bc2f17ee01015f5722907a1431b3944a5d720d7d3a36dd78edfb9cea00b298f8
        codeSamplesNamespace: gusto-embedded-oas-java-code-samples
        codeSamplesRevisionDigest: sha256:da674b7b7de26f706a5ccb58c063161ef8b553d6b5c2929495393519e9a46b6d
    gusto-embedded-v2025-11-15:
        source: GustoEmbedded-OAS-v2025-11-15
        sourceNamespace: gusto-embedded-oas-v2025-11-15
        sourceRevisionDigest: sha256:7d90fc0e1ffd428aa7bec06299356f72c5d0a219e701de71bbde70e6fabc755d
        sourceBlobDigest: sha256:ae285a1f4c0a53336ddc8757edaf0ae2c8d6a9b3a52e5a0d0fa1a82196515f0a
        codeSamplesNamespace: gusto-embedded-oas-java-code-samples-v2025-11-15-code-samples
        codeSamplesRevisionDigest: sha256:8ee8ab2d04fea6fa1168113a1308ef328794a62ded4a6fa158acb0b662b000f3
workflow:
    workflowVersion: 1.0.0
    speakeasyVersion: latest
    sources:
        GustoEmbedded-OAS:
            inputs:
                - location: https://raw.githubusercontent.com/Gusto/Gusto-Partner-API/refs/heads/main/generated/embedded/api.v2025-06-15.embedded.yaml
                  authHeader: Authorization
                  authSecret: $openapi_doc_auth_token
            overlays:
                - location: https://raw.githubusercontent.com/Gusto/Gusto-Partner-API/refs/heads/main/.speakeasy/speakeasy-modifications-overlay.yaml
                  authHeader: Authorization
                  authSecret: $openapi_doc_auth_token
            registry:
                location: registry.speakeasyapi.dev/gusto/ruby-sdk/gusto-embedded-oas
        GustoEmbedded-OAS-v2025-11-15:
            inputs:
                - location: https://raw.githubusercontent.com/Gusto/Gusto-Partner-API/refs/heads/main/generated/embedded/api.v2025-11-15.embedded.yaml
                  authHeader: Authorization
                  authSecret: $openapi_doc_auth_token
            overlays:
                - location: https://raw.githubusercontent.com/Gusto/Gusto-Partner-API/refs/heads/main/.speakeasy/speakeasy-modifications-overlay.yaml
                  authHeader: Authorization
                  authSecret: $openapi_doc_auth_token
            registry:
                location: registry.speakeasyapi.dev/gusto/ruby-sdk/gusto-embedded-oas-v2025-11-15
    targets:
        gusto-embedded:
            target: java
            source: GustoEmbedded-OAS
            output: ./gusto_embedded
            codeSamples:
                registry:
                    location: registry.speakeasyapi.dev/gusto/ruby-sdk/gusto-embedded-oas-java-code-samples
                labelOverride:
                    fixedValue: Java (SDK)
                blocking: false
        gusto-embedded-v2025-11-15:
            target: java
            source: GustoEmbedded-OAS-v2025-11-15
            output: ./gusto_embedded_v_2025_11_15
            codeSamples:
                registry:
                    location: registry.speakeasyapi.dev/gusto/ruby-sdk/gusto-embedded-oas-java-code-samples-v2025-11-15-code-samples
                labelOverride:
                    fixedValue: Java (SDK)
                blocking: false
